
Microsoft Visual Studio Solution File, Format Version 12.00
# Visual Studio Version 17
VisualStudioVersion = 17.5.002.0
MinimumVisualStudioVersion = 10.0.40219.1
Project("{9A19103F-16F7-4668-BE54-9A1E7A4F7556}") = "DependencyInjectionLifetimeSample", "DependencyInjectionLifetimeSample.csproj", "{3CC36D34-B729-4849-97EB-85F9BE6FE299}"
EndProject
Global
	GlobalSection(SolutionConfigurationPlatforms) = preSolution
		Debug|Any CPU = Debug|Any CPU
		Release|Any CPU = Release|Any CPU
	EndGlobalSection
	GlobalSection(ProjectConfigurationPlatforms) = postSolution
		{3CC36D34-B729-4849-97EB-85F9BE6FE299}.Debug|Any CPU.ActiveCfg = Debug|Any CPU
		{3CC36D34-B729-4849-97EB-85F9BE6FE299}.Debug|Any CPU.Build.0 = Debug|Any CPU
		{3CC36D34-B729-4849-97EB-85F9BE6FE299}.Release|Any CPU.ActiveCfg = Release|Any CPU
		{3CC36D34-B729-4849-97EB-85F9BE6FE299}.Release|Any CPU.Build.0 = Release|Any CPU
	EndGlobalSection
	GlobalSection(SolutionProperties) = preSolution
		HideSolutionNode = FALSE
	EndGlobalSection
	GlobalSection(ExtensibilityGlobals) = postSolution
		SolutionGuid = {0547C27C-9C0A-468C-9A3A-CC3EE654E6F7}
	EndGlobalSection
EndGlobal
